
Microsoft Visual Studio Solution File, Format Version 12.00
# Visual Studio Version 16
VisualStudioVersion = 16.0.30804.86
MinimumVisualStudioVersion = 10.0.40219.1
Project("{FAE04EC0-301F-11D3-BF4B-00C04F79EFBC}") = "MovieTickets.CostAnalyzer.Tests", "MovieTickets.CostAnalyzer.Tests\MovieTickets.CostAnalyzer.Tests.csproj", "{98FE4C66-967B-4D9E-872C-89E99B8A86AF}"
	ProjectSection(ProjectDependencies) = postProject
		{BEF06BB0-0D1E-444C-900F-97421B3F26D8} = {BEF06BB0-0D1E-444C-900F-97421B3F26D8}
	EndProjectSection
EndProject
Project("{9A19103F-16F7-4668-BE54-9A1E7A4F7556}") = "MovieTickets.CostAnalyzer", "..\..\..\Downloads\CodingTest.MovieTickets.CostAnalyzer[71]\CodingTest.MovieTickets.CostAnalyzer[71]\src\MovieTickets.CostAnalyzer\MovieTickets.CostAnalyzer.csproj", "{BEF06BB0-0D1E-444C-900F-97421B3F26D8}"
EndProject
Global
	GlobalSection(SolutionConfigurationPlatforms) = preSolution
		Debug|Any CPU = Debug|Any CPU
		Release|Any CPU = Release|Any CPU
	EndGlobalSection
	GlobalSection(ProjectConfigurationPlatforms) = postSolution
		{98FE4C66-967B-4D9E-872C-89E99B8A86AF}.Debug|Any CPU.ActiveCfg = Debug|Any CPU
		{98FE4C66-967B-4D9E-872C-89E99B8A86AF}.Debug|Any CPU.Build.0 = Debug|Any CPU
		{98FE4C66-967B-4D9E-872C-89E99B8A86AF}.Release|Any CPU.ActiveCfg = Release|Any CPU
		{98FE4C66-967B-4D9E-872C-89E99B8A86AF}.Release|Any CPU.Build.0 = Release|Any CPU
		{BEF06BB0-0D1E-444C-900F-97421B3F26D8}.Debug|Any CPU.ActiveCfg = Debug|Any CPU
		{BEF06BB0-0D1E-444C-900F-97421B3F26D8}.Debug|Any CPU.Build.0 = Debug|Any CPU
		{BEF06BB0-0D1E-444C-900F-97421B3F26D8}.Release|Any CPU.ActiveCfg = Release|Any CPU
		{BEF06BB0-0D1E-444C-900F-97421B3F26D8}.Release|Any CPU.Build.0 = Release|Any CPU
	EndGlobalSection
	GlobalSection(SolutionProperties) = preSolution
		HideSolutionNode = FALSE
	EndGlobalSection
	GlobalSection(ExtensibilityGlobals) = postSolution
		SolutionGuid = {1A698516-8B91-46CE-AFB8-11EFFD4B5D2A}
	EndGlobalSection
EndGlobal
